
Microsoft Visual Studio Solution File, Format Version 12.00
# Visual Studio 15
VisualStudioVersion = 15.0.28010.2019
MinimumVisualStudioVersion = 10.0.40219.1
Project("{8BC9CEB8-8B4A-11D0-8D11-00A0C91BC942}") = "taller_ruido", "taller_ruido\taller_ruido.vcxproj", "{28541366-7863-4822-BED6-8CEB1E3A4E8B}"
EndProject
Global
	GlobalSection(SolutionConfigurationPlatforms) = preSolution
		Debug|x64 = Debug|x64
		Debug|x86 = Debug|x86
		Release|x64 = Release|x64
		Release|x86 = Release|x86
	EndGlobalSection
	GlobalSection(ProjectConfigurationPlatforms) = postSolution
		{28541366-7863-4822-BED6-8CEB1E3A4E8B}.Debug|x64.ActiveCfg = Debug|x64
		{28541366-7863-4822-BED6-8CEB1E3A4E8B}.Debug|x64.Build.0 = Debug|x64
		{28541366-7863-4822-BED6-8CEB1E3A4E8B}.Debug|x86.ActiveCfg = Debug|Win32
		{28541366-7863-4822-BED6-8CEB1E3A4E8B}.Debug|x86.Build.0 = Debug|Win32
		{28541366-7863-4822-BED6-8CEB1E3A4E8B}.Release|x64.ActiveCfg = Release|x64
		{28541366-7863-4822-BED6-8CEB1E3A4E8B}.Release|x64.Build.0 = Release|x64
		{28541366-7863-4822-BED6-8CEB1E3A4E8B}.Release|x86.ActiveCfg = Release|Win32
		{28541366-7863-4822-BED6-8CEB1E3A4E8B}.Release|x86.Build.0 = Release|Win32
	EndGlobalSection
	GlobalSection(SolutionProperties) = preSolution
		HideSolutionNode = FALSE
	EndGlobalSection
	GlobalSection(ExtensibilityGlobals) = postSolution
		SolutionGuid = {900A9000-868B-44D2-8E16-DB819329D519}
	EndGlobalSection
EndGlobal
